<?xml version="1.0" encoding="utf-8"?>
<Project ToolsVersion="4.0" xmlns="http://schemas.microsoft.com/developer/msbuild/2003">
  <ItemGroup>
    <Filter Include="Source Files">
      <UniqueIdentifier>{6caa3f76-501b-4f54-b2bd-743ef6712c1b}</UniqueIdentifier>
      <Extensions>cpp;c;cxx;def;odl;idl;hpj;bat;asm</Extensions>
    </Filter>
    <Filter Include="Header Files">
      <UniqueIdentifier>{bcc06b20-80d4-4231-a064-7f30b5e5bdea}</UniqueIdentifier>
      <Extensions>h;hpp;hxx;hm;inl;inc</Extensions>
    </Filter>
    <Filter Include="Resource Files">
      <UniqueIdentifier>{6d643994-06f9-479d-aa84-86ff8599239f}</UniqueIdentifier>
      <Extensions>rc;ico;cur;bmp;dlg;rc2;rct;bin;rgs;gif;jpg;jpeg;jpe</Extensions>
    </Filter>
  </ItemGroup>
  <ItemGroup>
    <ClCompile Include="Audio_DLL.cpp">
      <Filter>Source Files</Filter>
    </ClCompile>
    <ClCompile Include="Game.cpp">
      <Filter>Source Files</Filter>
    </ClCompile>
    <ClCompile Include="guiobjects.cpp">
      <Filter>Source Files</Filter>
    </ClCompile>
    <ClCompile Include="Hunt2.cpp">
      <Filter>Source Files</Filter>
    </ClCompile>
    <ClCompile Include="Interface.cpp">
      <Filter>Source Files</Filter>
    </ClCompile>
    <ClCompile Include="mathematics.cpp">
      <Filter>Source Files</Filter>
    </ClCompile>
    <ClCompile Include="messageconsole.cpp">
      <Filter>Source Files</Filter>
    </ClCompile>
    <ClCompile Include="RenderSoft.cpp">
      <Filter>Source Files</Filter>
    </ClCompile>
    <ClCompile Include="Resources.cpp">
      <Filter>Source Files</Filter>
    </ClCompile>
  </ItemGroup>
  <ItemGroup>
    <ClInclude Include="Hunt.h">
      <Filter>Header Files</Filter>
    </ClInclude>
    <ClInclude Include="resource.h">
      <Filter>Header Files</Filter>
    </ClInclude>
  </ItemGroup>
  <ItemGroup>
    <ResourceCompile Include="resource.rc">
      <Filter>Resource Files</Filter>
    </ResourceCompile>
  </ItemGroup>
</Project>